
Microsoft Visual Studio Solution File, Format Version 12.00
# Visual Studio Version 17
VisualStudioVersion = 17.4.33213.308
MinimumVisualStudioVersion = 10.0.40219.1
Project("{FAE04EC0-301F-11D3-BF4B-00C04F79EFBC}") = "WebbDesignBlazorLabb3.Server", "WebbDesignBlazorLabb3\Server\WebbDesignBlazorLabb3.Server.csproj", "{5325C429-8AD7-42DE-8B45-5FAECDFD8AFD}"
EndProject
Project("{FAE04EC0-301F-11D3-BF4B-00C04F79EFBC}") = "WebbDesignBlazorLabb3.Client", "WebbDesignBlazorLabb3\Client\WebbDesignBlazorLabb3.Client.csproj", "{6F30CB81-82EA-44F9-B4CD-9A642A6C39AE}"
EndProject
Project("{FAE04EC0-301F-11D3-BF4B-00C04F79EFBC}") = "WebbDesignBlazorLabb3.Shared", "WebbDesignBlazorLabb3\Shared\WebbDesignBlazorLabb3.Shared.csproj", "{DCED4EF2-D03C-4138-A95C-CF36584A6D03}"
EndProject
Global
	GlobalSection(SolutionConfigurationPlatforms) = preSolution
		Debug|Any CPU = Debug|Any CPU
		Release|Any CPU = Release|Any CPU
	EndGlobalSection
	GlobalSection(ProjectConfigurationPlatforms) = postSolution
		{5325C429-8AD7-42DE-8B45-5FAECDFD8AFD}.Debug|Any CPU.ActiveCfg = Debug|Any CPU
		{5325C429-8AD7-42DE-8B45-5FAECDFD8AFD}.Debug|Any CPU.Build.0 = Debug|Any CPU
		{5325C429-8AD7-42DE-8B45-5FAECDFD8AFD}.Release|Any CPU.ActiveCfg = Release|Any CPU
		{5325C429-8AD7-42DE-8B45-5FAECDFD8AFD}.Release|Any CPU.Build.0 = Release|Any CPU
		{6F30CB81-82EA-44F9-B4CD-9A642A6C39AE}.Debug|Any CPU.ActiveCfg = Debug|Any CPU
		{6F30CB81-82EA-44F9-B4CD-9A642A6C39AE}.Debug|Any CPU.Build.0 = Debug|Any CPU
		{6F30CB81-82EA-44F9-B4CD-9A642A6C39AE}.Release|Any CPU.ActiveCfg = Release|Any CPU
		{6F30CB81-82EA-44F9-B4CD-9A642A6C39AE}.Release|Any CPU.Build.0 = Release|Any CPU
		{DCED4EF2-D03C-4138-A95C-CF36584A6D03}.Debug|Any CPU.ActiveCfg = Debug|Any CPU
		{DCED4EF2-D03C-4138-A95C-CF36584A6D03}.Debug|Any CPU.Build.0 = Debug|Any CPU
		{DCED4EF2-D03C-4138-A95C-CF36584A6D03}.Release|Any CPU.ActiveCfg = Release|Any CPU
		{DCED4EF2-D03C-4138-A95C-CF36584A6D03}.Release|Any CPU.Build.0 = Release|Any CPU
	EndGlobalSection
	GlobalSection(SolutionProperties) = preSolution
		HideSolutionNode = FALSE
	EndGlobalSection
	GlobalSection(ExtensibilityGlobals) = postSolution
		SolutionGuid = {D52E2367-B493-4EB8-93E1-DAEEA6B05C4C}
	EndGlobalSection
EndGlobal
